
Microsoft Visual Studio Solution File, Format Version 12.00
# Visual Studio Version 17
VisualStudioVersion = 17.0.31912.275
MinimumVisualStudioVersion = 10.0.40219.1
Project("{2150E333-8FDC-42A3-9474-1A3956D46DE8}") = "src", "src", "{703C27FC-10E5-41FE-B3E1-736527746BF8}"
EndProject
Project("{FAE04EC0-301F-11D3-BF4B-00C04F79EFBC}") = "PampaDevs.BuildingBlocks.Common", "src\PampaDevs.BuildingBlocks.Common\PampaDevs.BuildingBlocks.Common.csproj", "{A27A4899-19FD-4F51-A41E-43176C8B8B90}"
EndProject
Global
	GlobalSection(SolutionConfigurationPlatforms) = preSolution
		Debug|Any CPU = Debug|Any CPU
		Release|Any CPU = Release|Any CPU
	EndGlobalSection
	GlobalSection(ProjectConfigurationPlatforms) = postSolution
		{A27A4899-19FD-4F51-A41E-43176C8B8B90}.Debug|Any CPU.ActiveCfg = Debug|Any CPU
		{A27A4899-19FD-4F51-A41E-43176C8B8B90}.Debug|Any CPU.Build.0 = Debug|Any CPU
		{A27A4899-19FD-4F51-A41E-43176C8B8B90}.Release|Any CPU.ActiveCfg = Release|Any CPU
		{A27A4899-19FD-4F51-A41E-43176C8B8B90}.Release|Any CPU.Build.0 = Release|Any CPU
	EndGlobalSection
	GlobalSection(SolutionProperties) = preSolution
		HideSolutionNode = FALSE
	EndGlobalSection
	GlobalSection(NestedProjects) = preSolution
		{A27A4899-19FD-4F51-A41E-43176C8B8B90} = {703C27FC-10E5-41FE-B3E1-736527746BF8}
	EndGlobalSection
	GlobalSection(ExtensibilityGlobals) = postSolution
		SolutionGuid = {C6EFA623-68B8-4211-99C4-92A9ED727643}
	EndGlobalSection
EndGlobal
